
Microsoft Visual Studio Solution File, Format Version 12.00
# Visual Studio Version 17
VisualStudioVersion = 17.13.35806.99
MinimumVisualStudioVersion = 10.0.40219.1
Project("{FAE04EC0-301F-11D3-BF4B-00C04F79EFBC}") = "SmartInventory.Product.API", "SmartInventoryProductService\SmartInventory.Product.API\SmartInventory.Product.API.csproj", "{DB3D3092-F803-4B8F-84DF-9E4E44F95F58}"
EndProject
Project("{FAE04EC0-301F-11D3-BF4B-00C04F79EFBC}") = "SmartInventory.Product.Application", "SmartInventoryProductService\SmartInventory.Product.Application\SmartInventory.Product.Application.csproj", "{F2012A76-9799-4599-8750-16F6069EE868}"
EndProject
Project("{FAE04EC0-301F-11D3-BF4B-00C04F79EFBC}") = "SmartInventory.Product.Domain", "SmartInventoryProductService\SmartInventory.Product.Domain\SmartInventory.Product.Domain.csproj", "{1CE496C9-0B44-462E-93BA-D8C003CDDBC1}"
EndProject
Project("{FAE04EC0-301F-11D3-BF4B-00C04F79EFBC}") = "SmartInventory.Product.Infrastructure", "SmartInventoryProductService\SmartInventory.Product.Infrastructure\SmartInventory.Product.Infrastructure.csproj", "{B1913F4D-A9E8-4FA4-9F9B-401AFF92701F}"
EndProject
Global
	GlobalSection(SolutionConfigurationPlatforms) = preSolution
		Debug|Any CPU = Debug|Any CPU
		Release|Any CPU = Release|Any CPU
	EndGlobalSection
	GlobalSection(ProjectConfigurationPlatforms) = postSolution
		{DB3D3092-F803-4B8F-84DF-9E4E44F95F58}.Debug|Any CPU.ActiveCfg = Debug|Any CPU
		{DB3D3092-F803-4B8F-84DF-9E4E44F95F58}.Debug|Any CPU.Build.0 = Debug|Any CPU
		{DB3D3092-F803-4B8F-84DF-9E4E44F95F58}.Release|Any CPU.ActiveCfg = Release|Any CPU
		{DB3D3092-F803-4B8F-84DF-9E4E44F95F58}.Release|Any CPU.Build.0 = Release|Any CPU
		{F2012A76-9799-4599-8750-16F6069EE868}.Debug|Any CPU.ActiveCfg = Debug|Any CPU
		{F2012A76-9799-4599-8750-16F6069EE868}.Debug|Any CPU.Build.0 = Debug|Any CPU
		{F2012A76-9799-4599-8750-16F6069EE868}.Release|Any CPU.ActiveCfg = Release|Any CPU
		{F2012A76-9799-4599-8750-16F6069EE868}.Release|Any CPU.Build.0 = Release|Any CPU
		{1CE496C9-0B44-462E-93BA-D8C003CDDBC1}.Debug|Any CPU.ActiveCfg = Debug|Any CPU
		{1CE496C9-0B44-462E-93BA-D8C003CDDBC1}.Debug|Any CPU.Build.0 = Debug|Any CPU
		{1CE496C9-0B44-462E-93BA-D8C003CDDBC1}.Release|Any CPU.ActiveCfg = Release|Any CPU
		{1CE496C9-0B44-462E-93BA-D8C003CDDBC1}.Release|Any CPU.Build.0 = Release|Any CPU
		{B1913F4D-A9E8-4FA4-9F9B-401AFF92701F}.Debug|Any CPU.ActiveCfg = Debug|Any CPU
		{B1913F4D-A9E8-4FA4-9F9B-401AFF92701F}.Debug|Any CPU.Build.0 = Debug|Any CPU
		{B1913F4D-A9E8-4FA4-9F9B-401AFF92701F}.Release|Any CPU.ActiveCfg = Release|Any CPU
		{B1913F4D-A9E8-4FA4-9F9B-401AFF92701F}.Release|Any CPU.Build.0 = Release|Any CPU
	EndGlobalSection
	GlobalSection(SolutionProperties) = preSolution
		HideSolutionNode = FALSE
	EndGlobalSection
	GlobalSection(ExtensibilityGlobals) = postSolution
		SolutionGuid = {A5CA64C7-8D48-44C1-89DD-41D9E0D272DC}
	EndGlobalSection
EndGlobal
